// !$*UTF8*$!
{
	archiveVersion = 1;
	classes = {
	};
	objectVersion = 46;
	objects = {

/* Begin PBXBuildFile section */
		549BE3501ADE95CC004BB345 /* AppDelegate.swift in Sources */ = {isa = PBXBuildFile; fileRef = 549BE34F1ADE95CC004BB345 /* AppDelegate.swift */; };
		549BE3521ADE95CC004BB345 /* ViewController.swift in Sources */ = {isa = PBXBuildFile; fileRef = 549BE3511ADE95CC004BB345 /* ViewController.swift */; };
		549BE3551ADE95CC004BB345 /* Main.storyboard in Resources */ = {isa = PBXBuildFile; fileRef = 549BE3531ADE95CC004BB345 /* Main.storyboard */; };
		549BE3571ADE95CC004BB345 /* Images.xcassets in Resources */ = {isa = PBXBuildFile; fileRef = 549BE3561ADE95CC004BB345 /* Images.xcassets */; };
		549BE35A1ADE95CC004BB345 /* LaunchScreen.xib in Resources */ = {isa = PBXBuildFile; fileRef = 549BE3581ADE95CC004BB345 /* LaunchScreen.xib */; };
		549BE3661ADE95CC004BB345 /* iTunesSearchTests.swift in Sources */ = {isa = PBXBuildFile; fileRef = 549BE3651ADE95CC004BB345 /* iTunesSearchTests.swift */; };
		549BE3701ADE9D5B004BB345 /* Data.swift in Sources */ = {isa = PBXBuildFile; fileRef = 549BE36F1ADE9D5B004BB345 /* Data.swift */; };
/* End PBXBuildFile section */

/* Begin PBXContainerItemProxy section */
		549BE3601ADE95CC004BB345 /* PBXContainerItemProxy */ = {
			isa = PBXContainerItemProxy;
			containerPortal = 549BE3421ADE95CC004BB345 /* Project object */;
			proxyType = 1;
			remoteGlobalIDString = 549BE3491ADE95CC004BB345;
			remoteInfo = iTunesSearch;
		};
/* End PBXContainerItemProxy section */

/* Begin PBXFileReference section */
		549BE34A1ADE95CC004BB345 /* iTunesSearch.app */ = {isa = PBXFileReference; explicitFileType = wrapper.application; includeInIndex = 0; path = iTunesSearch.app; sourceTree = BUILT_PRODUCTS_DIR; };
		549BE34E1ADE95CC004BB345 /* Info.plist */ = {isa = PBXFileReference; lastKnownFileType = text.plist.xml; path = Info.plist; sourceTree = "<group>"; };
		549BE34F1ADE95CC004BB345 /* AppDelegate.swift */ = {isa = PBXFileReference; lastKnownFileType = sourcecode.swift; path = AppDelegate.swift; sourceTree = "<group>"; };
		549BE3511ADE95CC004BB345 /* ViewController.swift */ = {isa = PBXFileReference; lastKnownFileType = sourcecode.swift; path = ViewController.swift; sourceTree = "<group>"; };
		549BE3541ADE95CC004BB345 /* Base */ = {isa = PBXFileReference; lastKnownFileType = file.storyboard; name = Base; path = Base.lproj/Main.storyboard; sourceTree = "<group>"; };
		549BE3561ADE95CC004BB345 /* Images.xcassets */ = {isa = PBXFileReference; lastKnownFileType = folder.assetcatalog; path = Images.xcassets; sourceTree = "<group>"; };
		549BE3591ADE95CC004BB345 /* Base */ = {isa = PBXFileReference; lastKnownFileType = file.xib; name = Base; path = Base.lproj/LaunchScreen.xib; sourceTree = "<group>"; };
		549BE35F1ADE95CC004BB345 /* iTunesSearchTests.xctest */ = {isa = PBXFileReference; explicitFileType = wrapper.cfbundle; includeInIndex = 0; path = iTunesSearchTests.xctest; sourceTree = BUILT_PRODUCTS_DIR; };
		549BE3641ADE95CC004BB345 /* Info.plist */ = {isa = PBXFileReference; lastKnownFileType = text.plist.xml; path = Info.plist; sourceTree = "<group>"; };
		549BE3651ADE95CC004BB345 /* iTunesSearchTests.swift */ = {isa = PBXFileReference; lastKnownFileType = sourcecode.swift; path = iTunesSearchTests.swift; sourceTree = "<group>"; };
		549BE36F1ADE9D5B004BB345 /* Data.swift */ = {isa = PBXFileReference; fileEncoding = 4; lastKnownFileType = sourcecode.swift; path = Data.swift; sourceTree = "<group>"; };
/* End PBXFileReference section */

/* Begin PBXFrameworksBuildPhase section */
		549BE3471ADE95CC004BB345 /* Frameworks */ = {
			isa = PBXFrameworksBuildPhase;
			buildActionMask = 2147483647;
			files = (
			);
			runOnlyForDeploymentPostprocessing = 0;
		};
		549BE35C1ADE95CC004BB345 /* Frameworks */ = {
			isa = PBXFrameworksBuildPhase;
			buildActionMask = 2147483647;
			files = (
			);
			runOnlyForDeploymentPostprocessing = 0;
		};
/* End PBXFrameworksBuildPhase section */

/* Begin PBXGroup section */
		549BE3411ADE95CC004BB345 = {
			isa = PBXGroup;
			children = (
				549BE34C1ADE95CC004BB345 /* iTunesSearch */,
				549BE3621ADE95CC004BB345 /* iTunesSearchTests */,
				549BE34B1ADE95CC004BB345 /* Products */,
			);
			sourceTree = "<group>";
		};
		549BE34B1ADE95CC004BB345 /* Products */ = {
			isa = PBXGroup;
			children = (
				549BE34A1ADE95CC004BB345 /* iTunesSearch.app */,
				549BE35F1ADE95CC004BB345 /* iTunesSearchTests.xctest */,
			);
			name = Products;
			sourceTree = "<group>";
		};
		549BE34C1ADE95CC004BB345 /* iTunesSearch */ = {
			isa = PBXGroup;
			children = (
				549BE34F1ADE95CC004BB345 /* AppDelegate.swift */,
				549BE3511ADE95CC004BB345 /* ViewController.swift */,
				549BE36F1ADE9D5B004BB345 /* Data.swift */,
				549BE3531ADE95CC004BB345 /* Main.storyboard */,
				549BE3561ADE95CC004BB345 /* Images.xcassets */,
				549BE3581ADE95CC004BB345 /* LaunchScreen.xib */,
				549BE34D1ADE95CC004BB345 /* Supporting Files */,
			);
			path = iTunesSearch;
			sourceTree = "<group>";
		};
		549BE34D1ADE95CC004BB345 /* Supporting Files */ = {
			isa = PBXGroup;
			children = (
				549BE34E1ADE95CC004BB345 /* Info.plist */,
			);
			name = "Supporting Files";
			sourceTree = "<group>";
		};
		549BE3621ADE95CC004BB345 /* iTunesSearchTests */ = {
			isa = PBXGroup;
			children = (
				549BE3651ADE95CC004BB345 /* iTunesSearchTests.swift */,
				549BE3631ADE95CC004BB345 /* Supporting Files */,
			);
			path = iTunesSearchTests;
			sourceTree = "<group>";
		};
		549BE3631ADE95CC004BB345 /* Supporting Files */ = {
			isa = PBXGroup;
			children = (
				549BE3641ADE95CC004BB345 /* Info.plist */,
			);
			name = "Supporting Files";
			sourceTree = "<group>";
		};
/* End PBXGroup section */

/* Begin PBXNativeTarget section */
		549BE3491ADE95CC004BB345 /* iTunesSearch */ = {
			isa = PBXNativeTarget;
			buildConfigurationList = 549BE3691ADE95CC004BB345 /* Build configuration list for PBXNativeTarget "iTunesSearch" */;
			buildPhases = (
				549BE3461ADE95CC004BB345 /* Sources */,
				549BE3471ADE95CC004BB345 /* Frameworks */,
				549BE3481ADE95CC004BB345 /* Resources */,
			);
			buildRules = (
			);
			dependencies = (
			);
			name = iTunesSearch;
			productName = iTunesSearch;
			productReference = 549BE34A1ADE95CC004BB345 /* iTunesSearch.app */;
			productType = "com.apple.product-type.application";
		};
		549BE35E1ADE95CC004BB345 /* iTunesSearchTests */ = {
			isa = PBXNativeTarget;
			buildConfigurationList = 549BE36C1ADE95CC004BB345 /* Build configuration list for PBXNativeTarget "iTunesSearchTests" */;
			buildPhases = (
				549BE35B1ADE95CC004BB345 /* Sources */,
				549BE35C1ADE95CC004BB345 /* Frameworks */,
				549BE35D1ADE95CC004BB345 /* Resources */,
			);
			buildRules = (
			);
			dependencies = (
				549BE3611ADE95CC004BB345 /* PBXTargetDependency */,
			);
			name = iTunesSearchTests;
			productName = iTunesSearchTests;
			productReference = 549BE35F1ADE95CC004BB345 /* iTunesSearchTests.xctest */;
			productType = "com.apple.product-type.bundle.unit-test";
		};
/* End PBXNativeTarget section */

/* Begin PBXProject section */
		549BE3421ADE95CC004BB345 /* Project object */ = {
			isa = PBXProject;
			attributes = {
				LastUpgradeCheck = 0630;
				ORGANIZATIONNAME = hx0a1q;
				TargetAttributes = {
					549BE3491ADE95CC004BB345 = {
						CreatedOnToolsVersion = 6.3;
					};
					549BE35E1ADE95CC004BB345 = {
						CreatedOnToolsVersion = 6.3;
						TestTargetID = 549BE3491ADE95CC004BB345;
					};
				};
			};
			buildConfigurationList = 549BE3451ADE95CC004BB345 /* Build configuration list for PBXProject "iTunesSearch" */;
			compatibilityVersion = "Xcode 3.2";
			developmentRegion = English;
			hasScannedForEncodings = 0;
			knownRegions = (
				en,
				Base,
			);
			mainGroup = 549BE3411ADE95CC004BB345;
			productRefGroup = 549BE34B1ADE95CC004BB345 /* Products */;
			projectDirPath = "";
			projectRoot = "";
			targets = (
				549BE3491ADE95CC004BB345 /* iTunesSearch */,
				549BE35E1ADE95CC004BB345 /* iTunesSearchTests */,
			);
		};
/* End PBXProject section */

/* Begin PBXResourcesBuildPhase section */
		549BE3481ADE95CC004BB345 /* Resources */ = {
			isa = PBXResourcesBuildPhase;
			buildActionMask = 2147483647;
			files = (
				549BE3551ADE95CC004BB345 /* Main.storyboard in Resources */,
				549BE35A1ADE95CC004BB345 /* LaunchScreen.xib in Resources */,
				549BE3571ADE95CC004BB345 /* Images.xcassets in Resources */,
			);
			runOnlyForDeploymentPostprocessing = 0;
		};
		549BE35D1ADE95CC004BB345 /* Resources */ = {
			isa = PBXResourcesBuildPhase;
			buildActionMask = 2147483647;
			files = (
			);
			runOnlyForDeploymentPostprocessing = 0;
		};
/* End PBXResourcesBuildPhase section */

/* Begin PBXSourcesBuildPhase section */
		549BE3461ADE95CC004BB345 /* Sources */ = {
			isa = PBXSourcesBuildPhase;
			buildActionMask = 2147483647;
			files = (
				549BE3521ADE95CC004BB345 /* ViewController.swift in Sources */,
				549BE3701ADE9D5B004BB345 /* Data.swift in Sources */,
				549BE3501ADE95CC004BB345 /* AppDelegate.swift in Sources */,
			);
			runOnlyForDeploymentPostprocessing = 0;
		};
		549BE35B1ADE95CC004BB345 /* Sources */ = {
			isa = PBXSourcesBuildPhase;
			buildActionMask = 2147483647;
			files = (
				549BE3661ADE95CC004BB345 /* iTunesSearchTests.swift in Sources */,
			);
			runOnlyForDeploymentPostprocessing = 0;
		};
/* End PBXSourcesBuildPhase section */

/* Begin PBXTargetDependency section */
		549BE3611ADE95CC004BB345 /* PBXTargetDependency */ = {
			isa = PBXTargetDependency;
			target = 549BE3491ADE95CC004BB345 /* iTunesSearch */;
			targetProxy = 549BE3601ADE95CC004BB345 /* PBXContainerItemProxy */;
		};
/* End PBXTargetDependency section */

/* Begin PBXVariantGroup section */
		549BE3531ADE95CC004BB345 /* Main.storyboard */ = {
			isa = PBXVariantGroup;
			children = (
				549BE3541ADE95CC004BB345 /* Base */,
			);
			name = Main.storyboard;
			sourceTree = "<group>";
		};
		549BE3581ADE95CC004BB345 /* LaunchScreen.xib */ = {
			isa = PBXVariantGroup;
			children = (
				549BE3591ADE95CC004BB345 /* Base */,
			);
			name = LaunchScreen.xib;
			sourceTree = "<group>";
		};
/* End PBXVariantGroup section */

/* Begin XCBuildConfiguration section */
		549BE3671ADE95CC004BB345 /* Debug */ = {
			isa = XCBuildConfiguration;
			buildSettings = {
				ALWAYS_SEARCH_USER_PATHS = NO;
				CLANG_CXX_LANGUAGE_STANDARD = "gnu++0x";
				CLANG_CXX_LIBRARY = "libc++";
				CLANG_ENABLE_MODULES = YES;
				CLANG_ENABLE_OBJC_ARC = YES;
				CLANG_WARN_BOOL_CONVERSION = YES;
				CLANG_WARN_CONSTANT_CONVERSION = YES;
				CLANG_WARN_DIRECT_OBJC_ISA_USAGE = YES_ERROR;
				CLANG_WARN_EMPTY_BODY = YES;
				CLANG_WARN_ENUM_CONVERSION = YES;
				CLANG_WARN_INT_CONVERSION = YES;
				CLANG_WARN_OBJC_ROOT_CLASS = YES_ERROR;
				CLANG_WARN_UNREACHABLE_CODE = YES;
				CLANG_WARN__DUPLICATE_METHOD_MATCH = YES;
				"CODE_SIGN_IDENTITY[sdk=iphoneos*]" = "iPhone Developer";
				COPY_PHASE_STRIP = NO;
				DEBUG_INFORMATION_FORMAT = "dwarf-with-dsym";
				ENABLE_STRICT_OBJC_MSGSEND = YES;
				GCC_C_LANGUAGE_STANDARD = gnu99;
				GCC_DYNAMIC_NO_PIC = NO;
				GCC_NO_COMMON_BLOCKS = YES;
				GCC_OPTIMIZATION_LEVEL = 0;
				GCC_PREPROCESSOR_DEFINITIONS = (
					"DEBUG=1",
					"$(inherited)",
				);
				GCC_SYMBOLS_PRIVATE_EXTERN = NO;
				GCC_WARN_64_TO_32_BIT_CONVERSION = YES;
				GCC_WARN_ABOUT_RETURN_TYPE = YES_ERROR;
				GCC_WARN_UNDECLARED_SELECTOR = YES;
				GCC_WARN_UNINITIALIZED_AUTOS = YES_AGGRESSIVE;
				GCC_WARN_UNUSED_FUNCTION = YES;
				GCC_WARN_UNUSED_VARIABLE = YES;
				IPHONEOS_DEPLOYMENT_TARGET = 8.3;
				MTL_ENABLE_DEBUG_INFO = YES;
				ONLY_ACTIVE_ARCH = YES;
				SDKROOT = iphoneos;
				SWIFT_OPTIMIZATION_LEVEL = "-Onone";
			};
			name = Debug;
		};
		549BE3681ADE95CC004BB345 /* Release */ = {
			isa = XCBuildConfiguration;
			buildSettings = {
				ALWAYS_SEARCH_USER_PATHS = NO;
				CLANG_CXX_LANGUAGE_STANDARD = "gnu++0x";
				CLANG_CXX_LIBRARY = "libc++";
				CLANG_ENABLE_MODULES = YES;
				CLANG_ENABLE_OBJC_ARC = YES;
				CLANG_WARN_BOOL_CONVERSION = YES;
				CLANG_WARN_CONSTANT_CONVERSION = YES;
				CLANG_WARN_DIRECT_OBJC_ISA_USAGE = YES_ERROR;
				CLANG_WARN_EMPTY_BODY = YES;
				CLANG_WARN_ENUM_CONVERSION = YES;
				CLANG_WARN_INT_CONVERSION = YES;
				CLANG_WARN_OBJC_ROOT_CLASS = YES_ERROR;
				CLANG_WARN_UNREACHABLE_CODE = YES;
				CLANG_WARN__DUPLICATE_METHOD_MATCH = YES;
				"CODE_SIGN_IDENTITY[sdk=iphoneos*]" = "iPhone Developer";
				COPY_PHASE_STRIP = NO;
				DEBUG_INFORMATION_FORMAT = "dwarf-with-dsym";
				ENABLE_NS_ASSERTIONS = NO;
				ENABLE_STRICT_OBJC_MSGSEND = YES;
				GCC_C_LANGUAGE_STANDARD = gnu99;
				GCC_NO_COMMON_BLOCKS = YES;
				GCC_WARN_64_TO_32_BIT_CONVERSION = YES;
				GCC_WARN_ABOUT_RETURN_TYPE = YES_ERROR;
				GCC_WARN_UNDECLARED_SELECTOR = YES;
				GCC_WARN_UNINITIALIZED_AUTOS = YES_AGGRESSIVE;
				GCC_WARN_UNUSED_FUNCTION = YES;
				GCC_WARN_UNUSED_VARIABLE = YES;
				IPHONEOS_DEPLOYMENT_TARGET = 8.3;
				MTL_ENABLE_DEBUG_INFO = NO;
				SDKROOT = iphoneos;
				VALIDATE_PRODUCT = YES;
			};
			name = Release;
		};
		549BE36A1ADE95CC004BB345 /* Debug */ = {
			isa = XCBuildConfiguration;
			buildSettings = {
				ASSETCATALOG_COMPILER_APPICON_NAME = AppIcon;
				INFOPLIST_FILE = iTunesSearch/Info.plist;
				LD_RUNPATH_SEARCH_PATHS = "$(inherited) @executable_path/Frameworks";
				PRODUCT_NAME = "$(TARGET_NAME)";
			};
			name = Debug;
		};
		549BE36B1ADE95CC004BB345 /* Release */ = {
			isa = XCBuildConfiguration;
			buildSettings = {
				ASSETCATALOG_COMPILER_APPICON_NAME = AppIcon;
				INFOPLIST_FILE = iTunesSearch/Info.plist;
				LD_RUNPATH_SEARCH_PATHS = "$(inherited) @executable_path/Frameworks";
				PRODUCT_NAME = "$(TARGET_NAME)";
			};
			name = Release;
		};
		549BE36D1ADE95CC004BB345 /* Debug */ = {
			isa = XCBuildConfiguration;
			buildSettings = {
				BUNDLE_LOADER = "$(TEST_HOST)";
				FRAMEWORK_SEARCH_PATHS = (
					"$(SDKROOT)/Developer/Library/Frameworks",
					"$(inherited)",
				);
				GCC_PREPROCESSOR_DEFINITIONS = (
					"DEBUG=1",
					"$(inherited)",
				);
				INFOPLIST_FILE = iTunesSearchTests/Info.plist;
				LD_RUNPATH_SEARCH_PATHS = "$(inherited) @executable_path/Frameworks @loader_path/Frameworks";
				PRODUCT_NAME = "$(TARGET_NAME)";
				TEST_HOST = "$(BUILT_PRODUCTS_DIR)/iTunesSearch.app/iTunesSearch";
			};
			name = Debug;
		};
		549BE36E1ADE95CC004BB345 /* Release */ = {
			isa = XCBuildConfiguration;
			buildSettings = {
				BUNDLE_LOADER = "$(TEST_HOST)";
				FRAMEWORK_SEARCH_PATHS = (
					"$(SDKROOT)/Developer/Library/Frameworks",
					"$(inherited)",
				);
				INFOPLIST_FILE = iTunesSearchTests/Info.plist;
				LD_RUNPATH_SEARCH_PATHS = "$(inherited) @executable_path/Frameworks @loader_path/Frameworks";
				PRODUCT_NAME = "$(TARGET_NAME)";
				TEST_HOST = "$(BUILT_PRODUCTS_DIR)/iTunesSearch.app/iTunesSearch";
			};
			name = Release;
		};
/* End XCBuildConfiguration section */

/* Begin XCConfigurationList section */
		549BE3451ADE95CC004BB345 /* Build configuration list for PBXProject "iTunesSearch" */ = {
			isa = XCConfigurationList;
			buildConfigurations = (
				549BE3671ADE95CC004BB345 /* Debug */,
				549BE3681ADE95CC004BB345 /* Release */,
			);
			defaultConfigurationIsVisible = 0;
			defaultConfigurationName = Release;
		};
		549BE3691ADE95CC004BB345 /* Build configuration list for PBXNativeTarget "iTunesSearch" */ = {
			isa = XCConfigurationList;
			buildConfigurations = (
				549BE36A1ADE95CC004BB345 /* Debug */,
				549BE36B1ADE95CC004BB345 /* Release */,
			);
			defaultConfigurationIsVisible = 0;
		};
		549BE36C1ADE95CC004BB345 /* Build configuration list for PBXNativeTarget "iTunesSearchTests" */ = {
			isa = XCConfigurationList;
			buildConfigurations = (
				549BE36D1ADE95CC004BB345 /* Debug */,
				549BE36E1ADE95CC004BB345 /* Release */,
			);
			defaultConfigurationIsVisible = 0;
		};
/* End XCConfigurationList section */
	};
	rootObject = 549BE3421ADE95CC004BB345 /* Project object */;
}
